
Microsoft Visual Studio Solution File, Format Version 12.00
# Visual Studio Version 17
VisualStudioVersion = 17.0.31903.59
MinimumVisualStudioVersion = 10.0.40219.1
Project("{9A19103F-16F7-4668-BE54-9A1E7A4F7556}") = "CQRS", "Shared\CQRS\CQRS.csproj", "{D8F33485-9431-414C-B6E9-5CC6DB10F85B}"
EndProject
Project("{2150E333-8FDC-42A3-9474-1A3956D46DE8}") = "Shared", "Shared", "{936C8A0B-FBE0-441E-9B22-41D510C391C6}"
EndProject
Project("{2150E333-8FDC-42A3-9474-1A3956D46DE8}") = "API", "API", "{ACE813D1-A25C-4C33-9F98-462199E851B6}"
EndProject
Project("{9A19103F-16F7-4668-BE54-9A1E7A4F7556}") = "Api", "API\Api\Api.csproj", "{E4BB9C59-8DBD-4C14-A173-9C2108AD1155}"
EndProject
Project("{2150E333-8FDC-42A3-9474-1A3956D46DE8}") = "Infrastructure", "Infrastructure", "{4D551E3E-3D19-4187-8D10-7742FF36622F}"
EndProject
Project("{9A19103F-16F7-4668-BE54-9A1E7A4F7556}") = "Data", "Infrastructure\Data\Data.csproj", "{2DAA3D38-0F63-4693-94BE-B9375E48CC3C}"
EndProject
Project("{FAE04EC0-301F-11D3-BF4B-00C04F79EFBC}") = "Utilities", "Shared\Utilities\Utilities.csproj", "{E912C465-5632-4C99-8F68-7ED3E22CEB7C}"
EndProject
Project("{2150E333-8FDC-42A3-9474-1A3956D46DE8}") = "Domain", "Domain", "{02EA681E-C7D8-13C7-8484-4AC65E1B71E8}"
EndProject
Project("{FAE04EC0-301F-11D3-BF4B-00C04F79EFBC}") = "Seed", "Domain\Seed\Seed.csproj", "{B5023D7C-7E0A-4DE0-9309-72756EED1A39}"
EndProject
Project("{FAE04EC0-301F-11D3-BF4B-00C04F79EFBC}") = "Domain.Diary", "Domain\Domain.Diary\Domain.Diary.csproj", "{870F1688-8EB1-4B67-8F53-292A7A3EED13}"
EndProject
Project("{FAE04EC0-301F-11D3-BF4B-00C04F79EFBC}") = "Infras.Services", "Infrastructure\Infras.Services\Infras.Services.csproj", "{AA1D2067-C1C3-4F87-B090-77C3A9A51CCE}"
EndProject
Global
	GlobalSection(SolutionConfigurationPlatforms) = preSolution
		Debug|Any CPU = Debug|Any CPU
		Release|Any CPU = Release|Any CPU
	EndGlobalSection
	GlobalSection(ProjectConfigurationPlatforms) = postSolution
		{D8F33485-9431-414C-B6E9-5CC6DB10F85B}.Debug|Any CPU.ActiveCfg = Debug|Any CPU
		{D8F33485-9431-414C-B6E9-5CC6DB10F85B}.Debug|Any CPU.Build.0 = Debug|Any CPU
		{D8F33485-9431-414C-B6E9-5CC6DB10F85B}.Release|Any CPU.ActiveCfg = Release|Any CPU
		{D8F33485-9431-414C-B6E9-5CC6DB10F85B}.Release|Any CPU.Build.0 = Release|Any CPU
		{E4BB9C59-8DBD-4C14-A173-9C2108AD1155}.Debug|Any CPU.ActiveCfg = Debug|Any CPU
		{E4BB9C59-8DBD-4C14-A173-9C2108AD1155}.Debug|Any CPU.Build.0 = Debug|Any CPU
		{E4BB9C59-8DBD-4C14-A173-9C2108AD1155}.Release|Any CPU.ActiveCfg = Release|Any CPU
		{E4BB9C59-8DBD-4C14-A173-9C2108AD1155}.Release|Any CPU.Build.0 = Release|Any CPU
		{2DAA3D38-0F63-4693-94BE-B9375E48CC3C}.Debug|Any CPU.ActiveCfg = Debug|Any CPU
		{2DAA3D38-0F63-4693-94BE-B9375E48CC3C}.Debug|Any CPU.Build.0 = Debug|Any CPU
		{2DAA3D38-0F63-4693-94BE-B9375E48CC3C}.Release|Any CPU.ActiveCfg = Release|Any CPU
		{2DAA3D38-0F63-4693-94BE-B9375E48CC3C}.Release|Any CPU.Build.0 = Release|Any CPU
		{E912C465-5632-4C99-8F68-7ED3E22CEB7C}.Debug|Any CPU.ActiveCfg = Debug|Any CPU
		{E912C465-5632-4C99-8F68-7ED3E22CEB7C}.Debug|Any CPU.Build.0 = Debug|Any CPU
		{E912C465-5632-4C99-8F68-7ED3E22CEB7C}.Release|Any CPU.ActiveCfg = Release|Any CPU
		{E912C465-5632-4C99-8F68-7ED3E22CEB7C}.Release|Any CPU.Build.0 = Release|Any CPU
		{B5023D7C-7E0A-4DE0-9309-72756EED1A39}.Debug|Any CPU.ActiveCfg = Debug|Any CPU
		{B5023D7C-7E0A-4DE0-9309-72756EED1A39}.Debug|Any CPU.Build.0 = Debug|Any CPU
		{B5023D7C-7E0A-4DE0-9309-72756EED1A39}.Release|Any CPU.ActiveCfg = Release|Any CPU
		{B5023D7C-7E0A-4DE0-9309-72756EED1A39}.Release|Any CPU.Build.0 = Release|Any CPU
		{870F1688-8EB1-4B67-8F53-292A7A3EED13}.Debug|Any CPU.ActiveCfg = Debug|Any CPU
		{870F1688-8EB1-4B67-8F53-292A7A3EED13}.Debug|Any CPU.Build.0 = Debug|Any CPU
		{870F1688-8EB1-4B67-8F53-292A7A3EED13}.Release|Any CPU.ActiveCfg = Release|Any CPU
		{870F1688-8EB1-4B67-8F53-292A7A3EED13}.Release|Any CPU.Build.0 = Release|Any CPU
		{AA1D2067-C1C3-4F87-B090-77C3A9A51CCE}.Debug|Any CPU.ActiveCfg = Debug|Any CPU
		{AA1D2067-C1C3-4F87-B090-77C3A9A51CCE}.Debug|Any CPU.Build.0 = Debug|Any CPU
		{AA1D2067-C1C3-4F87-B090-77C3A9A51CCE}.Release|Any CPU.ActiveCfg = Release|Any CPU
		{AA1D2067-C1C3-4F87-B090-77C3A9A51CCE}.Release|Any CPU.Build.0 = Release|Any CPU
	EndGlobalSection
	GlobalSection(SolutionProperties) = preSolution
		HideSolutionNode = FALSE
	EndGlobalSection
	GlobalSection(NestedProjects) = preSolution
		{D8F33485-9431-414C-B6E9-5CC6DB10F85B} = {936C8A0B-FBE0-441E-9B22-41D510C391C6}
		{E4BB9C59-8DBD-4C14-A173-9C2108AD1155} = {ACE813D1-A25C-4C33-9F98-462199E851B6}
		{2DAA3D38-0F63-4693-94BE-B9375E48CC3C} = {4D551E3E-3D19-4187-8D10-7742FF36622F}
		{E912C465-5632-4C99-8F68-7ED3E22CEB7C} = {936C8A0B-FBE0-441E-9B22-41D510C391C6}
		{B5023D7C-7E0A-4DE0-9309-72756EED1A39} = {02EA681E-C7D8-13C7-8484-4AC65E1B71E8}
		{870F1688-8EB1-4B67-8F53-292A7A3EED13} = {02EA681E-C7D8-13C7-8484-4AC65E1B71E8}
		{AA1D2067-C1C3-4F87-B090-77C3A9A51CCE} = {4D551E3E-3D19-4187-8D10-7742FF36622F}
	EndGlobalSection
	GlobalSection(ExtensibilityGlobals) = postSolution
		SolutionGuid = {18A3A0F6-7D1A-4F69-8421-F75EF0893546}
	EndGlobalSection
EndGlobal
