
Microsoft Visual Studio Solution File, Format Version 12.00
# Visual Studio Version 17
VisualStudioVersion = 17.0.31903.59
MinimumVisualStudioVersion = 10.0.40219.1
Project("{9A19103F-16F7-4668-BE54-9A1E7A4F7556}") = "CQRS", "Shared\CQRS\CQRS.csproj", "{D8F33485-9431-414C-B6E9-5CC6DB10F85B}"
EndProject
Project("{2150E333-8FDC-42A3-9474-1A3956D46DE8}") = "Shared", "Shared", "{936C8A0B-FBE0-441E-9B22-41D510C391C6}"
EndProject
Project("{2150E333-8FDC-42A3-9474-1A3956D46DE8}") = "API", "API", "{ACE813D1-A25C-4C33-9F98-462199E851B6}"
EndProject
Project("{FAE04EC0-301F-11D3-BF4B-00C04F79EFBC}") = "Api", "API\Api\Api.csproj", "{E4BB9C59-8DBD-4C14-A173-9C2108AD1155}"
EndProject
Project("{2150E333-8FDC-42A3-9474-1A3956D46DE8}") = "Infrastructure", "Infrastructure", "{4D551E3E-3D19-4187-8D10-7742FF36622F}"
EndProject
Project("{FAE04EC0-301F-11D3-BF4B-00C04F79EFBC}") = "Data", "Infrastructure\Data\Data.csproj", "{2DAA3D38-0F63-4693-94BE-B9375E48CC3C}"
EndProject
Project("{FAE04EC0-301F-11D3-BF4B-00C04F79EFBC}") = "DISuport", "Shared\DISuport\DISuport.csproj", "{7A4A485C-1B47-493E-8DA0-82256F0702B2}"
EndProject
Global
	GlobalSection(SolutionConfigurationPlatforms) = preSolution
		Debug|Any CPU = Debug|Any CPU
		Release|Any CPU = Release|Any CPU
	EndGlobalSection
	GlobalSection(ProjectConfigurationPlatforms) = postSolution
		{D8F33485-9431-414C-B6E9-5CC6DB10F85B}.Debug|Any CPU.ActiveCfg = Debug|Any CPU
		{D8F33485-9431-414C-B6E9-5CC6DB10F85B}.Debug|Any CPU.Build.0 = Debug|Any CPU
		{D8F33485-9431-414C-B6E9-5CC6DB10F85B}.Release|Any CPU.ActiveCfg = Release|Any CPU
		{D8F33485-9431-414C-B6E9-5CC6DB10F85B}.Release|Any CPU.Build.0 = Release|Any CPU
		{E4BB9C59-8DBD-4C14-A173-9C2108AD1155}.Debug|Any CPU.ActiveCfg = Debug|Any CPU
		{E4BB9C59-8DBD-4C14-A173-9C2108AD1155}.Debug|Any CPU.Build.0 = Debug|Any CPU
		{E4BB9C59-8DBD-4C14-A173-9C2108AD1155}.Release|Any CPU.ActiveCfg = Release|Any CPU
		{E4BB9C59-8DBD-4C14-A173-9C2108AD1155}.Release|Any CPU.Build.0 = Release|Any CPU
		{2DAA3D38-0F63-4693-94BE-B9375E48CC3C}.Debug|Any CPU.ActiveCfg = Debug|Any CPU
		{2DAA3D38-0F63-4693-94BE-B9375E48CC3C}.Debug|Any CPU.Build.0 = Debug|Any CPU
		{2DAA3D38-0F63-4693-94BE-B9375E48CC3C}.Release|Any CPU.ActiveCfg = Release|Any CPU
		{2DAA3D38-0F63-4693-94BE-B9375E48CC3C}.Release|Any CPU.Build.0 = Release|Any CPU
		{7A4A485C-1B47-493E-8DA0-82256F0702B2}.Debug|Any CPU.ActiveCfg = Debug|Any CPU
		{7A4A485C-1B47-493E-8DA0-82256F0702B2}.Debug|Any CPU.Build.0 = Debug|Any CPU
		{7A4A485C-1B47-493E-8DA0-82256F0702B2}.Release|Any CPU.ActiveCfg = Release|Any CPU
		{7A4A485C-1B47-493E-8DA0-82256F0702B2}.Release|Any CPU.Build.0 = Release|Any CPU
	EndGlobalSection
	GlobalSection(SolutionProperties) = preSolution
		HideSolutionNode = FALSE
	EndGlobalSection
	GlobalSection(NestedProjects) = preSolution
		{D8F33485-9431-414C-B6E9-5CC6DB10F85B} = {936C8A0B-FBE0-441E-9B22-41D510C391C6}
		{E4BB9C59-8DBD-4C14-A173-9C2108AD1155} = {ACE813D1-A25C-4C33-9F98-462199E851B6}
		{2DAA3D38-0F63-4693-94BE-B9375E48CC3C} = {4D551E3E-3D19-4187-8D10-7742FF36622F}
		{7A4A485C-1B47-493E-8DA0-82256F0702B2} = {936C8A0B-FBE0-441E-9B22-41D510C391C6}
	EndGlobalSection
	GlobalSection(ExtensibilityGlobals) = postSolution
		SolutionGuid = {18A3A0F6-7D1A-4F69-8421-F75EF0893546}
	EndGlobalSection
EndGlobal
